# This file is automatically @generated by Cargo.
# It is not intended for manual editing.
version = 3

[[package]]
name = "bootloader"
version = "0.9.22"
source = "registry+https://github.com/rust-lang/crates.io-index"
checksum = "de78decc37247c7cfac5dbf3495c7298c6ac97cb355161caa7e15969c6648e6c"

[[package]]
name = "os"
version = "0.1.0"
dependencies = [
 "bootloader",
]
